// !$*UTF8*$!
{
	archiveVersion = 1;
	classes = {
	};
	objectVersion = 52;
	objects = {

/* Begin PBXAggregateTarget section */
		A5D068272695773B00F7B052 /* Linter */ = {
			isa = PBXAggregateTarget;
			buildConfigurationList = A5D0682A2695773B00F7B052 /* Build configuration list for PBXAggregateTarget "Linter" */;
			buildPhases = (
				A59FBC4E26B5AF1800C4BD0C /* ShellScript */,
			);
			dependencies = (
			);
			name = Linter;
			productName = Linter;
		};
		A5D0682E2695881F00F7B052 /* Generator */ = {
			isa = PBXAggregateTarget;
			buildConfigurationList = A5D0682F2695881F00F7B052 /* Build configuration list for PBXAggregateTarget "Generator" */;
			buildPhases = (
				A59FBC4F26B5AF2500C4BD0C /* ShellScript */,
			);
			dependencies = (
			);
			name = Generator;
			productName = Generator;
		};
/* End PBXAggregateTarget section */

/* Begin PBXBuildFile section */
		A52550432695E3B8004D3750 /* Settings.bundle in Resources */ = {isa = PBXBuildFile; fileRef = A52550422695E3B8004D3750 /* Settings.bundle */; };
		A52776B726583C29008B42E6 /* AppFeature in Frameworks */ = {isa = PBXBuildFile; productRef = A52776B626583C29008B42E6 /* AppFeature */; };
		A52776B926584033008B42E6 /* env.swift in Sources */ = {isa = PBXBuildFile; fileRef = A52776B826583FE6008B42E6 /* env.swift */; };
		A531796D2696154700A0CF6E /* GoogleService-Info.plist in Resources */ = {isa = PBXBuildFile; fileRef = A531796C2696154700A0CF6E /* GoogleService-Info.plist */; };
		A5EB402A2657DCCB00825B30 /* App.swift in Sources */ = {isa = PBXBuildFile; fileRef = A5EB40292657DCCB00825B30 /* App.swift */; };
		A5EB402E2657DCCD00825B30 /* Assets.xcassets in Resources */ = {isa = PBXBuildFile; fileRef = A5EB402D2657DCCD00825B30 /* Assets.xcassets */; };
/* End PBXBuildFile section */

/* Begin PBXContainerItemProxy section */
		A5D0682C2695776700F7B052 /* PBXContainerItemProxy */ = {
			isa = PBXContainerItemProxy;
			containerPortal = A5EB401E2657DCCB00825B30 /* Project object */;
			proxyType = 1;
			remoteGlobalIDString = A5D068272695773B00F7B052;
			remoteInfo = Linter;
		};
		A5D068332695886100F7B052 /* PBXContainerItemProxy */ = {
			isa = PBXContainerItemProxy;
			containerPortal = A5EB401E2657DCCB00825B30 /* Project object */;
			proxyType = 1;
			remoteGlobalIDString = A5D0682E2695881F00F7B052;
			remoteInfo = Generator;
		};
/* End PBXContainerItemProxy section */

/* Begin PBXFileReference section */
		A520955B26B3E9280093E5A4 /* App-Base.xcconfig */ = {isa = PBXFileReference; lastKnownFileType = text.xcconfig; path = "App-Base.xcconfig"; sourceTree = "<group>"; };
		A520955C26B3EA270093E5A4 /* App-Debug.xcconfig */ = {isa = PBXFileReference; lastKnownFileType = text.xcconfig; path = "App-Debug.xcconfig"; sourceTree = "<group>"; };
		A520955D26B3EA2F0093E5A4 /* App-Release.xcconfig */ = {isa = PBXFileReference; lastKnownFileType = text.xcconfig; path = "App-Release.xcconfig"; sourceTree = "<group>"; };
		A52550422695E3B8004D3750 /* Settings.bundle */ = {isa = PBXFileReference; lastKnownFileType = "wrapper.plug-in"; path = Settings.bundle; sourceTree = "<group>"; };
		A52776B826583FE6008B42E6 /* env.swift */ = {isa = PBXFileReference; lastKnownFileType = sourcecode.swift; path = env.swift; sourceTree = "<group>"; };
		A531796C2696154700A0CF6E /* GoogleService-Info.plist */ = {isa = PBXFileReference; fileEncoding = 4; lastKnownFileType = text.plist.xml; path = "GoogleService-Info.plist"; sourceTree = "<group>"; };
		A592C04726B401850019832F /* Project-Base.xcconfig */ = {isa = PBXFileReference; lastKnownFileType = text.xcconfig; path = "Project-Base.xcconfig"; sourceTree = "<group>"; };
		A592C04826B401980019832F /* Project-Debug.xcconfig */ = {isa = PBXFileReference; lastKnownFileType = text.xcconfig; path = "Project-Debug.xcconfig"; sourceTree = "<group>"; };
		A592C04926B401A20019832F /* Project-Release.xcconfig */ = {isa = PBXFileReference; lastKnownFileType = text.xcconfig; path = "Project-Release.xcconfig"; sourceTree = "<group>"; };
		A5EB40262657DCCB00825B30 /* ios-app-template.Staging.app */ = {isa = PBXFileReference; explicitFileType = wrapper.application; includeInIndex = 0; path = "ios-app-template.Staging.app"; sourceTree = BUILT_PRODUCTS_DIR; };
		A5EB40292657DCCB00825B30 /* App.swift */ = {isa = PBXFileReference; lastKnownFileType = sourcecode.swift; path = App.swift; sourceTree = "<group>"; };
		A5EB402D2657DCCD00825B30 /* Assets.xcassets */ = {isa = PBXFileReference; lastKnownFileType = folder.assetcatalog; path = Assets.xcassets; sourceTree = "<group>"; };
		A5EB40322657DCCD00825B30 /* Info.plist */ = {isa = PBXFileReference; lastKnownFileType = text.plist.xml; path = Info.plist; sourceTree = "<group>"; };
/* End PBXFileReference section */

/* Begin PBXFrameworksBuildPhase section */
		A5EB40232657DCCB00825B30 /* Frameworks */ = {
			isa = PBXFrameworksBuildPhase;
			buildActionMask = 2147483647;
			files = (
				A52776B726583C29008B42E6 /* AppFeature in Frameworks */,
			);
			runOnlyForDeploymentPostprocessing = 0;
		};
/* End PBXFrameworksBuildPhase section */

/* Begin PBXGroup section */
		A5EB401D2657DCCB00825B30 = {
			isa = PBXGroup;
			children = (
				A5EB40282657DCCB00825B30 /* iOS */,
				A5ECDB0026B40F6B00A122C4 /* xcconfigs */,
				A5EB40272657DCCB00825B30 /* Products */,
				A5EB40382657DD8F00825B30 /* Frameworks */,
			);
			sourceTree = "<group>";
		};
		A5EB40272657DCCB00825B30 /* Products */ = {
			isa = PBXGroup;
			children = (
				A5EB40262657DCCB00825B30 /* ios-app-template.Staging.app */,
			);
			name = Products;
			sourceTree = "<group>";
		};
		A5EB40282657DCCB00825B30 /* iOS */ = {
			isa = PBXGroup;
			children = (
				A520955B26B3E9280093E5A4 /* App-Base.xcconfig */,
				A5EB40292657DCCB00825B30 /* App.swift */,
				A5EB402D2657DCCD00825B30 /* Assets.xcassets */,
				A52550422695E3B8004D3750 /* Settings.bundle */,
				A5EB403B2657E12A00825B30 /* Env */,
			);
			path = iOS;
			sourceTree = "<group>";
		};
		A5EB40382657DD8F00825B30 /* Frameworks */ = {
			isa = PBXGroup;
			children = (
			);
			name = Frameworks;
			sourceTree = "<group>";
		};
		A5EB403B2657E12A00825B30 /* Env */ = {
			isa = PBXGroup;
			children = (
				A520955C26B3EA270093E5A4 /* App-Debug.xcconfig */,
				A520955D26B3EA2F0093E5A4 /* App-Release.xcconfig */,
				A52776B826583FE6008B42E6 /* env.swift */,
				A5EB40322657DCCD00825B30 /* Info.plist */,
				A531796C2696154700A0CF6E /* GoogleService-Info.plist */,
			);
			name = Env;
			path = Staging;
			sourceTree = "<group>";
		};
		A5ECDB0026B40F6B00A122C4 /* xcconfigs */ = {
			isa = PBXGroup;
			children = (
				A592C04726B401850019832F /* Project-Base.xcconfig */,
				A592C04826B401980019832F /* Project-Debug.xcconfig */,
				A592C04926B401A20019832F /* Project-Release.xcconfig */,
			);
			path = xcconfigs;
			sourceTree = "<group>";
		};
/* End PBXGroup section */

/* Begin PBXNativeTarget section */
		A5EB40252657DCCB00825B30 /* ios-app-template */ = {
			isa = PBXNativeTarget;
			buildConfigurationList = A5EB40352657DCCD00825B30 /* Build configuration list for PBXNativeTarget "ios-app-template" */;
			buildPhases = (
				A5EB40222657DCCB00825B30 /* Sources */,
				A5EB40232657DCCB00825B30 /* Frameworks */,
				A5EB40242657DCCB00825B30 /* Resources */,
				A53BD20E2696190400F31861 /* Crashlytics */,
			);
			buildRules = (
			);
			dependencies = (
				A5D0682D2695776700F7B052 /* PBXTargetDependency */,
				A5D068342695886100F7B052 /* PBXTargetDependency */,
			);
			name = "ios-app-template";
			packageProductDependencies = (
				A52776B626583C29008B42E6 /* AppFeature */,
			);
			productName = App;
			productReference = A5EB40262657DCCB00825B30 /* ios-app-template.Staging.app */;
			productType = "com.apple.product-type.application";
		};
/* End PBXNativeTarget section */

/* Begin PBXProject section */
		A5EB401E2657DCCB00825B30 /* Project object */ = {
			isa = PBXProject;
			attributes = {
				LastSwiftUpdateCheck = 1250;
				LastUpgradeCheck = 1250;
				TargetAttributes = {
					A5D068272695773B00F7B052 = {
						CreatedOnToolsVersion = 12.5.1;
					};
					A5D0682E2695881F00F7B052 = {
						CreatedOnToolsVersion = 12.5.1;
					};
					A5EB40252657DCCB00825B30 = {
						CreatedOnToolsVersion = 12.5;
					};
				};
			};
			buildConfigurationList = A5EB40212657DCCB00825B30 /* Build configuration list for PBXProject "Staging" */;
			compatibilityVersion = "Xcode 9.3";
			developmentRegion = en;
			hasScannedForEncodings = 0;
			knownRegions = (
				en,
				Base,
			);
			mainGroup = A5EB401D2657DCCB00825B30;
			productRefGroup = A5EB40272657DCCB00825B30 /* Products */;
			projectDirPath = "";
			projectRoot = "";
			targets = (
				A5EB40252657DCCB00825B30 /* ios-app-template */,
				A5D068272695773B00F7B052 /* Linter */,
				A5D0682E2695881F00F7B052 /* Generator */,
			);
		};
/* End PBXProject section */

/* Begin PBXResourcesBuildPhase section */
		A5EB40242657DCCB00825B30 /* Resources */ = {
			isa = PBXResourcesBuildPhase;
			buildActionMask = 2147483647;
			files = (
				A52550432695E3B8004D3750 /* Settings.bundle in Resources */,
				A5EB402E2657DCCD00825B30 /* Assets.xcassets in Resources */,
				A531796D2696154700A0CF6E /* GoogleService-Info.plist in Resources */,
			);
			runOnlyForDeploymentPostprocessing = 0;
		};
/* End PBXResourcesBuildPhase section */

/* Begin PBXShellScriptBuildPhase section */
		A53BD20E2696190400F31861 /* Crashlytics */ = {
			isa = PBXShellScriptBuildPhase;
			buildActionMask = 2147483647;
			files = (
			);
			inputFileListPaths = (
			);
			inputPaths = (
				"${DWARF_DSYM_FOLDER_PATH}/${DWARF_DSYM_FILE_NAME}/Contents/Resources/DWARF/${TARGET_NAME}",
				"$(SRCROOT)/$(BUILT_PRODUCTS_DIR)/$(INFOPLIST_PATH)",
			);
			name = Crashlytics;
			outputFileListPaths = (
			);
			outputPaths = (
			);
			runOnlyForDeploymentPostprocessing = 0;
			shellPath = /bin/sh;
			shellScript = "if which ${BUILD_DIR%Build/*}/SourcePackages/checkouts/firebase-ios-sdk/Crashlytics/run > /dev/null; then\n    ${BUILD_DIR%Build/*}/SourcePackages/checkouts/firebase-ios-sdk/Crashlytics/run\nelse\n    echo \"warning: Crashlytics/run not found\"\nfi\n";
		};
		A59FBC4E26B5AF1800C4BD0C /* ShellScript */ = {
			isa = PBXShellScriptBuildPhase;
			buildActionMask = 2147483647;
			files = (
			);
			inputFileListPaths = (
			);
			inputPaths = (
			);
			outputFileListPaths = (
			);
			outputPaths = (
			);
			runOnlyForDeploymentPostprocessing = 0;
			shellPath = /bin/sh;
			shellScript = "cd ${SRCROOT}/..\nmake lint\n";
		};
		A59FBC4F26B5AF2500C4BD0C /* ShellScript */ = {
			isa = PBXShellScriptBuildPhase;
			buildActionMask = 2147483647;
			files = (
			);
			inputFileListPaths = (
			);
			inputPaths = (
			);
			outputFileListPaths = (
			);
			outputPaths = (
			);
			runOnlyForDeploymentPostprocessing = 0;
			shellPath = /bin/sh;
			shellScript = "cd ${SRCROOT}/..\nmake generate-license\nmake generate-code\n";
		};
/* End PBXShellScriptBuildPhase section */

/* Begin PBXSourcesBuildPhase section */
		A5EB40222657DCCB00825B30 /* Sources */ = {
			isa = PBXSourcesBuildPhase;
			buildActionMask = 2147483647;
			files = (
				A5EB402A2657DCCB00825B30 /* App.swift in Sources */,
				A52776B926584033008B42E6 /* env.swift in Sources */,
			);
			runOnlyForDeploymentPostprocessing = 0;
		};
/* End PBXSourcesBuildPhase section */

/* Begin PBXTargetDependency section */
		A5D0682D2695776700F7B052 /* PBXTargetDependency */ = {
			isa = PBXTargetDependency;
			target = A5D068272695773B00F7B052 /* Linter */;
			targetProxy = A5D0682C2695776700F7B052 /* PBXContainerItemProxy */;
		};
		A5D068342695886100F7B052 /* PBXTargetDependency */ = {
			isa = PBXTargetDependency;
			target = A5D0682E2695881F00F7B052 /* Generator */;
			targetProxy = A5D068332695886100F7B052 /* PBXContainerItemProxy */;
		};
/* End PBXTargetDependency section */

/* Begin XCBuildConfiguration section */
		A5D068282695773B00F7B052 /* Debug */ = {
			isa = XCBuildConfiguration;
			buildSettings = {
				CODE_SIGN_STYLE = Automatic;
				DEVELOPMENT_TEAM = 4NV8KK5CH4;
				PRODUCT_NAME = "$(TARGET_NAME)";
			};
			name = Debug;
		};
		A5D068292695773B00F7B052 /* Release */ = {
			isa = XCBuildConfiguration;
			buildSettings = {
				CODE_SIGN_STYLE = Automatic;
				DEVELOPMENT_TEAM = 4NV8KK5CH4;
				PRODUCT_NAME = "$(TARGET_NAME)";
			};
			name = Release;
		};
		A5D068302695881F00F7B052 /* Debug */ = {
			isa = XCBuildConfiguration;
			buildSettings = {
				CODE_SIGN_STYLE = Automatic;
				DEVELOPMENT_TEAM = 4NV8KK5CH4;
				PRODUCT_NAME = "$(TARGET_NAME)";
			};
			name = Debug;
		};
		A5D068312695881F00F7B052 /* Release */ = {
			isa = XCBuildConfiguration;
			buildSettings = {
				CODE_SIGN_STYLE = Automatic;
				DEVELOPMENT_TEAM = 4NV8KK5CH4;
				PRODUCT_NAME = "$(TARGET_NAME)";
			};
			name = Release;
		};
		A5EB40332657DCCD00825B30 /* Debug */ = {
			isa = XCBuildConfiguration;
			baseConfigurationReference = A592C04826B401980019832F /* Project-Debug.xcconfig */;
			buildSettings = {
			};
			name = Debug;
		};
		A5EB40342657DCCD00825B30 /* Release */ = {
			isa = XCBuildConfiguration;
			baseConfigurationReference = A592C04926B401A20019832F /* Project-Release.xcconfig */;
			buildSettings = {
			};
			name = Release;
		};
		A5EB40362657DCCD00825B30 /* Debug */ = {
			isa = XCBuildConfiguration;
			baseConfigurationReference = A520955C26B3EA270093E5A4 /* App-Debug.xcconfig */;
			buildSettings = {
			};
			name = Debug;
		};
		A5EB40372657DCCD00825B30 /* Release */ = {
			isa = XCBuildConfiguration;
			baseConfigurationReference = A520955D26B3EA2F0093E5A4 /* App-Release.xcconfig */;
			buildSettings = {
			};
			name = Release;
		};
/* End XCBuildConfiguration section */

/* Begin XCConfigurationList section */
		A5D0682A2695773B00F7B052 /* Build configuration list for PBXAggregateTarget "Linter" */ = {
			isa = XCConfigurationList;
			buildConfigurations = (
				A5D068282695773B00F7B052 /* Debug */,
				A5D068292695773B00F7B052 /* Release */,
			);
			defaultConfigurationIsVisible = 0;
			defaultConfigurationName = Release;
		};
		A5D0682F2695881F00F7B052 /* Build configuration list for PBXAggregateTarget "Generator" */ = {
			isa = XCConfigurationList;
			buildConfigurations = (
				A5D068302695881F00F7B052 /* Debug */,
				A5D068312695881F00F7B052 /* Release */,
			);
			defaultConfigurationIsVisible = 0;
			defaultConfigurationName = Release;
		};
		A5EB40212657DCCB00825B30 /* Build configuration list for PBXProject "Staging" */ = {
			isa = XCConfigurationList;
			buildConfigurations = (
				A5EB40332657DCCD00825B30 /* Debug */,
				A5EB40342657DCCD00825B30 /* Release */,
			);
			defaultConfigurationIsVisible = 0;
			defaultConfigurationName = Release;
		};
		A5EB40352657DCCD00825B30 /* Build configuration list for PBXNativeTarget "ios-app-template" */ = {
			isa = XCConfigurationList;
			buildConfigurations = (
				A5EB40362657DCCD00825B30 /* Debug */,
				A5EB40372657DCCD00825B30 /* Release */,
			);
			defaultConfigurationIsVisible = 0;
			defaultConfigurationName = Release;
		};
/* End XCConfigurationList section */

/* Begin XCSwiftPackageProductDependency section */
		A52776B626583C29008B42E6 /* AppFeature */ = {
			isa = XCSwiftPackageProductDependency;
			productName = AppFeature;
		};
/* End XCSwiftPackageProductDependency section */
	};
	rootObject = A5EB401E2657DCCB00825B30 /* Project object */;
}
