// !$*UTF8*$!
{
	archiveVersion = 1;
	classes = {
	};
	objectVersion = 54;
	objects = {

/* Begin PBXAggregateTarget section */
		A5D068272695773B00F7B052 /* Linter */ = {
			isa = PBXAggregateTarget;
			buildConfigurationList = A5D0682A2695773B00F7B052 /* Build configuration list for PBXAggregateTarget "Linter" */;
			buildPhases = (
				A59FBC4E26B5AF1800C4BD0C /* Lint */,
			);
			dependencies = (
			);
			name = Linter;
			productName = Linter;
		};
		A5D0682E2695881F00F7B052 /* Generator */ = {
			isa = PBXAggregateTarget;
			buildConfigurationList = A5D0682F2695881F00F7B052 /* Build configuration list for PBXAggregateTarget "Generator" */;
			buildPhases = (
				A59FBC4F26B5AF2500C4BD0C /* Generate License */,
			);
			dependencies = (
			);
			name = Generator;
			productName = Generator;
		};
/* End PBXAggregateTarget section */

/* Begin PBXBuildFile section */
		6A84D705281C1E9300A0A651 /* env.swift in Sources */ = {isa = PBXBuildFile; fileRef = 6A84D6FB281C1E9300A0A651 /* env.swift */; };
		6A84D706281C1E9300A0A651 /* GoogleService-Info.plist in Resources */ = {isa = PBXBuildFile; fileRef = 6A84D6FC281C1E9300A0A651 /* GoogleService-Info.plist */; };
		6A84D712281C244700A0A651 /* AppFeature in Frameworks */ = {isa = PBXBuildFile; productRef = 6A84D70D281C244700A0A651 /* AppFeature */; };
		6A84D714281C244700A0A651 /* Settings.bundle in Resources */ = {isa = PBXBuildFile; fileRef = A52550422695E3B8004D3750 /* Settings.bundle */; };
		6A84D71D281C252E00A0A651 /* env.swift in Sources */ = {isa = PBXBuildFile; fileRef = 6A84D6F5281C1E9300A0A651 /* env.swift */; };
		6A84D71E281C253100A0A651 /* GoogleService-Info.plist in Resources */ = {isa = PBXBuildFile; fileRef = 6A84D6F6281C1E9300A0A651 /* GoogleService-Info.plist */; };
		6A86CEDA28380AB70013354F /* Assets.xcassets in Resources */ = {isa = PBXBuildFile; fileRef = 6A86CED828380A670013354F /* Assets.xcassets */; };
		A52550432695E3B8004D3750 /* Settings.bundle in Resources */ = {isa = PBXBuildFile; fileRef = A52550422695E3B8004D3750 /* Settings.bundle */; };
		A52776B726583C29008B42E6 /* AppFeature in Frameworks */ = {isa = PBXBuildFile; productRef = A52776B626583C29008B42E6 /* AppFeature */; };
		A575E5162899967800D1AB65 /* main.swift in Sources */ = {isa = PBXBuildFile; fileRef = A575E5152899967800D1AB65 /* main.swift */; };
		A575E5172899967800D1AB65 /* main.swift in Sources */ = {isa = PBXBuildFile; fileRef = A575E5152899967800D1AB65 /* main.swift */; };
		A5EB402E2657DCCD00825B30 /* Assets.xcassets in Resources */ = {isa = PBXBuildFile; fileRef = A5EB402D2657DCCD00825B30 /* Assets.xcassets */; };
/* End PBXBuildFile section */

/* Begin PBXContainerItemProxy section */
		6A84D70A281C244700A0A651 /* PBXContainerItemProxy */ = {
			isa = PBXContainerItemProxy;
			containerPortal = A5EB401E2657DCCB00825B30 /* Project object */;
			proxyType = 1;
			remoteGlobalIDString = A5D068272695773B00F7B052;
			remoteInfo = Linter;
		};
		6A84D70C281C244700A0A651 /* PBXContainerItemProxy */ = {
			isa = PBXContainerItemProxy;
			containerPortal = A5EB401E2657DCCB00825B30 /* Project object */;
			proxyType = 1;
			remoteGlobalIDString = A5D0682E2695881F00F7B052;
			remoteInfo = Generator;
		};
		A5D0682C2695776700F7B052 /* PBXContainerItemProxy */ = {
			isa = PBXContainerItemProxy;
			containerPortal = A5EB401E2657DCCB00825B30 /* Project object */;
			proxyType = 1;
			remoteGlobalIDString = A5D068272695773B00F7B052;
			remoteInfo = Linter;
		};
		A5D068332695886100F7B052 /* PBXContainerItemProxy */ = {
			isa = PBXContainerItemProxy;
			containerPortal = A5EB401E2657DCCB00825B30 /* Project object */;
			proxyType = 1;
			remoteGlobalIDString = A5D0682E2695881F00F7B052;
			remoteInfo = Generator;
		};
/* End PBXContainerItemProxy section */

/* Begin PBXFileReference section */
		6A84D6F3281C1E9300A0A651 /* App.stg.xcconfig */ = {isa = PBXFileReference; fileEncoding = 4; lastKnownFileType = text.xcconfig; path = App.stg.xcconfig; sourceTree = "<group>"; };
		6A84D6F5281C1E9300A0A651 /* env.swift */ = {isa = PBXFileReference; fileEncoding = 4; lastKnownFileType = sourcecode.swift; path = env.swift; sourceTree = "<group>"; };
		6A84D6F6281C1E9300A0A651 /* GoogleService-Info.plist */ = {isa = PBXFileReference; fileEncoding = 4; lastKnownFileType = text.plist.xml; path = "GoogleService-Info.plist"; sourceTree = "<group>"; };
		6A84D6F7281C1E9300A0A651 /* Info.plist */ = {isa = PBXFileReference; fileEncoding = 4; lastKnownFileType = text.plist.xml; path = Info.plist; sourceTree = "<group>"; };
		6A84D6F9281C1E9300A0A651 /* App.prod.xcconfig */ = {isa = PBXFileReference; fileEncoding = 4; lastKnownFileType = text.xcconfig; path = App.prod.xcconfig; sourceTree = "<group>"; };
		6A84D6FB281C1E9300A0A651 /* env.swift */ = {isa = PBXFileReference; fileEncoding = 4; lastKnownFileType = sourcecode.swift; path = env.swift; sourceTree = "<group>"; };
		6A84D6FC281C1E9300A0A651 /* GoogleService-Info.plist */ = {isa = PBXFileReference; fileEncoding = 4; lastKnownFileType = text.plist.xml; path = "GoogleService-Info.plist"; sourceTree = "<group>"; };
		6A84D6FD281C1E9300A0A651 /* Info.plist */ = {isa = PBXFileReference; fileEncoding = 4; lastKnownFileType = text.plist.xml; path = Info.plist; sourceTree = "<group>"; };
		6A84D71B281C244700A0A651 /* ios-app-template.stg.app */ = {isa = PBXFileReference; explicitFileType = wrapper.application; includeInIndex = 0; path = "ios-app-template.stg.app"; sourceTree = BUILT_PRODUCTS_DIR; };
		6A86CED828380A670013354F /* Assets.xcassets */ = {isa = PBXFileReference; lastKnownFileType = folder.assetcatalog; path = Assets.xcassets; sourceTree = "<group>"; };
		6AC8F0052A9A8B6100946ED6 /* CrashlyticsInputFiles.xcfilelist */ = {isa = PBXFileReference; lastKnownFileType = text.xcfilelist; path = CrashlyticsInputFiles.xcfilelist; sourceTree = "<group>"; };
		A520955B26B3E9280093E5A4 /* App.base.xcconfig */ = {isa = PBXFileReference; lastKnownFileType = text.xcconfig; path = App.base.xcconfig; sourceTree = "<group>"; };
		A52550422695E3B8004D3750 /* Settings.bundle */ = {isa = PBXFileReference; lastKnownFileType = "wrapper.plug-in"; path = Settings.bundle; sourceTree = "<group>"; };
		A575E5152899967800D1AB65 /* main.swift */ = {isa = PBXFileReference; lastKnownFileType = sourcecode.swift; path = main.swift; sourceTree = "<group>"; };
		A592C04726B401850019832F /* Project.base.xcconfig */ = {isa = PBXFileReference; lastKnownFileType = text.xcconfig; path = Project.base.xcconfig; sourceTree = "<group>"; };
		A592C04826B401980019832F /* Project.debug.xcconfig */ = {isa = PBXFileReference; lastKnownFileType = text.xcconfig; path = Project.debug.xcconfig; sourceTree = "<group>"; };
		A592C04926B401A20019832F /* Project.release.xcconfig */ = {isa = PBXFileReference; lastKnownFileType = text.xcconfig; path = Project.release.xcconfig; sourceTree = "<group>"; };
		A5E4997D2A6A75FE001F4E2A /* iOS.entitlements */ = {isa = PBXFileReference; fileEncoding = 4; lastKnownFileType = text.plist.entitlements; path = iOS.entitlements; sourceTree = "<group>"; };
		A5E4997E2A6A761A001F4E2A /* iOS.entitlements */ = {isa = PBXFileReference; fileEncoding = 4; lastKnownFileType = text.plist.entitlements; path = iOS.entitlements; sourceTree = "<group>"; };
		A5EB40262657DCCB00825B30 /* ios-app-template.app */ = {isa = PBXFileReference; explicitFileType = wrapper.application; includeInIndex = 0; path = "ios-app-template.app"; sourceTree = BUILT_PRODUCTS_DIR; };
		A5EB402D2657DCCD00825B30 /* Assets.xcassets */ = {isa = PBXFileReference; lastKnownFileType = folder.assetcatalog; path = Assets.xcassets; sourceTree = "<group>"; };
/* End PBXFileReference section */

/* Begin PBXFrameworksBuildPhase section */
		6A84D711281C244700A0A651 /* Frameworks */ = {
			isa = PBXFrameworksBuildPhase;
			buildActionMask = 2147483647;
			files = (
				6A84D712281C244700A0A651 /* AppFeature in Frameworks */,
			);
			runOnlyForDeploymentPostprocessing = 0;
		};
		A5EB40232657DCCB00825B30 /* Frameworks */ = {
			isa = PBXFrameworksBuildPhase;
			buildActionMask = 2147483647;
			files = (
				A52776B726583C29008B42E6 /* AppFeature in Frameworks */,
			);
			runOnlyForDeploymentPostprocessing = 0;
		};
/* End PBXFrameworksBuildPhase section */

/* Begin PBXGroup section */
		6A84D6F1281C1E9300A0A651 /* env */ = {
			isa = PBXGroup;
			children = (
				6A84D6F8281C1E9300A0A651 /* prod */,
				6A84D6F2281C1E9300A0A651 /* stg */,
			);
			path = env;
			sourceTree = "<group>";
		};
		6A84D6F2281C1E9300A0A651 /* stg */ = {
			isa = PBXGroup;
			children = (
				6A86CED828380A670013354F /* Assets.xcassets */,
				6A84D6F5281C1E9300A0A651 /* env.swift */,
				6A84D6F6281C1E9300A0A651 /* GoogleService-Info.plist */,
				6A84D6F7281C1E9300A0A651 /* Info.plist */,
				A5E4997E2A6A761A001F4E2A /* iOS.entitlements */,
			);
			path = stg;
			sourceTree = "<group>";
		};
		6A84D6F8281C1E9300A0A651 /* prod */ = {
			isa = PBXGroup;
			children = (
				A5EB402D2657DCCD00825B30 /* Assets.xcassets */,
				6A84D6FB281C1E9300A0A651 /* env.swift */,
				6A84D6FC281C1E9300A0A651 /* GoogleService-Info.plist */,
				6A84D6FD281C1E9300A0A651 /* Info.plist */,
				A5E4997D2A6A75FE001F4E2A /* iOS.entitlements */,
			);
			path = prod;
			sourceTree = "<group>";
		};
		A5EB401D2657DCCB00825B30 = {
			isa = PBXGroup;
			children = (
				A5EB40282657DCCB00825B30 /* iOS */,
				A5ECDB0026B40F6B00A122C4 /* xcconfigs */,
				A5EB40272657DCCB00825B30 /* Products */,
				A5EB40382657DD8F00825B30 /* Frameworks */,
			);
			sourceTree = "<group>";
		};
		A5EB40272657DCCB00825B30 /* Products */ = {
			isa = PBXGroup;
			children = (
				A5EB40262657DCCB00825B30 /* ios-app-template.app */,
				6A84D71B281C244700A0A651 /* ios-app-template.stg.app */,
			);
			name = Products;
			sourceTree = "<group>";
		};
		A5EB40282657DCCB00825B30 /* iOS */ = {
			isa = PBXGroup;
			children = (
				A575E5152899967800D1AB65 /* main.swift */,
				A52550422695E3B8004D3750 /* Settings.bundle */,
				6A84D6F1281C1E9300A0A651 /* env */,
				6AC8F0052A9A8B6100946ED6 /* CrashlyticsInputFiles.xcfilelist */,
			);
			path = iOS;
			sourceTree = "<group>";
		};
		A5EB40382657DD8F00825B30 /* Frameworks */ = {
			isa = PBXGroup;
			children = (
			);
			name = Frameworks;
			sourceTree = "<group>";
		};
		A5ECDB0026B40F6B00A122C4 /* xcconfigs */ = {
			isa = PBXGroup;
			children = (
				A592C04726B401850019832F /* Project.base.xcconfig */,
				A592C04826B401980019832F /* Project.debug.xcconfig */,
				A592C04926B401A20019832F /* Project.release.xcconfig */,
				A520955B26B3E9280093E5A4 /* App.base.xcconfig */,
				6A84D6F9281C1E9300A0A651 /* App.prod.xcconfig */,
				6A84D6F3281C1E9300A0A651 /* App.stg.xcconfig */,
			);
			path = xcconfigs;
			sourceTree = "<group>";
		};
/* End PBXGroup section */

/* Begin PBXNativeTarget section */
		6A84D708281C244700A0A651 /* ios-app-template.stg */ = {
			isa = PBXNativeTarget;
			buildConfigurationList = 6A84D718281C244700A0A651 /* Build configuration list for PBXNativeTarget "ios-app-template.stg" */;
			buildPhases = (
				6A84D70E281C244700A0A651 /* Sources */,
				6A84D711281C244700A0A651 /* Frameworks */,
				6A84D713281C244700A0A651 /* Resources */,
				6A84D717281C244700A0A651 /* Crashlytics */,
			);
			buildRules = (
			);
			dependencies = (
				6A84D709281C244700A0A651 /* PBXTargetDependency */,
				6A84D70B281C244700A0A651 /* PBXTargetDependency */,
			);
			name = "ios-app-template.stg";
			packageProductDependencies = (
				6A84D70D281C244700A0A651 /* AppFeature */,
			);
			productName = App;
			productReference = 6A84D71B281C244700A0A651 /* ios-app-template.stg.app */;
			productType = "com.apple.product-type.application";
		};
		A5EB40252657DCCB00825B30 /* ios-app-template */ = {
			isa = PBXNativeTarget;
			buildConfigurationList = A5EB40352657DCCD00825B30 /* Build configuration list for PBXNativeTarget "ios-app-template" */;
			buildPhases = (
				A5EB40222657DCCB00825B30 /* Sources */,
				A5EB40232657DCCB00825B30 /* Frameworks */,
				A5EB40242657DCCB00825B30 /* Resources */,
				A53BD20E2696190400F31861 /* Crashlytics */,
			);
			buildRules = (
			);
			dependencies = (
				A5D0682D2695776700F7B052 /* PBXTargetDependency */,
				A5D068342695886100F7B052 /* PBXTargetDependency */,
			);
			name = "ios-app-template";
			packageProductDependencies = (
				A52776B626583C29008B42E6 /* AppFeature */,
			);
			productName = App;
			productReference = A5EB40262657DCCB00825B30 /* ios-app-template.app */;
			productType = "com.apple.product-type.application";
		};
/* End PBXNativeTarget section */

/* Begin PBXProject section */
		A5EB401E2657DCCB00825B30 /* Project object */ = {
			isa = PBXProject;
			attributes = {
				BuildIndependentTargetsInParallel = YES;
				LastSwiftUpdateCheck = 1250;
				LastUpgradeCheck = 1430;
				TargetAttributes = {
					A5D068272695773B00F7B052 = {
						CreatedOnToolsVersion = 12.5.1;
					};
					A5D0682E2695881F00F7B052 = {
						CreatedOnToolsVersion = 12.5.1;
					};
					A5EB40252657DCCB00825B30 = {
						CreatedOnToolsVersion = 12.5;
					};
				};
			};
			buildConfigurationList = A5EB40212657DCCB00825B30 /* Build configuration list for PBXProject "ios-app-template" */;
			compatibilityVersion = "Xcode 9.3";
			developmentRegion = en;
			hasScannedForEncodings = 0;
			knownRegions = (
				en,
				Base,
			);
			mainGroup = A5EB401D2657DCCB00825B30;
			productRefGroup = A5EB40272657DCCB00825B30 /* Products */;
			projectDirPath = "";
			projectRoot = "";
			targets = (
				A5EB40252657DCCB00825B30 /* ios-app-template */,
				6A84D708281C244700A0A651 /* ios-app-template.stg */,
				A5D068272695773B00F7B052 /* Linter */,
				A5D0682E2695881F00F7B052 /* Generator */,
			);
		};
/* End PBXProject section */

/* Begin PBXResourcesBuildPhase section */
		6A84D713281C244700A0A651 /* Resources */ = {
			isa = PBXResourcesBuildPhase;
			buildActionMask = 2147483647;
			files = (
				6A84D714281C244700A0A651 /* Settings.bundle in Resources */,
				6A86CEDA28380AB70013354F /* Assets.xcassets in Resources */,
				6A84D71E281C253100A0A651 /* GoogleService-Info.plist in Resources */,
			);
			runOnlyForDeploymentPostprocessing = 0;
		};
		A5EB40242657DCCB00825B30 /* Resources */ = {
			isa = PBXResourcesBuildPhase;
			buildActionMask = 2147483647;
			files = (
				A52550432695E3B8004D3750 /* Settings.bundle in Resources */,
				6A84D706281C1E9300A0A651 /* GoogleService-Info.plist in Resources */,
				A5EB402E2657DCCD00825B30 /* Assets.xcassets in Resources */,
			);
			runOnlyForDeploymentPostprocessing = 0;
		};
/* End PBXResourcesBuildPhase section */

/* Begin PBXShellScriptBuildPhase section */
		6A84D717281C244700A0A651 /* Crashlytics */ = {
			isa = PBXShellScriptBuildPhase;
			alwaysOutOfDate = 1;
			buildActionMask = 2147483647;
			files = (
			);
			inputFileListPaths = (
				"$(SRCROOT)/iOS/CrashlyticsInputFiles.xcfilelist",
			);
			inputPaths = (
			);
			name = Crashlytics;
			outputFileListPaths = (
			);
			outputPaths = (
			);
			runOnlyForDeploymentPostprocessing = 0;
			shellPath = /bin/sh;
			shellScript = "${BUILD_DIR%Build/*}/SourcePackages/checkouts/firebase-ios-sdk/Crashlytics/run\n";
		};
		A53BD20E2696190400F31861 /* Crashlytics */ = {
			isa = PBXShellScriptBuildPhase;
			alwaysOutOfDate = 1;
			buildActionMask = 2147483647;
			files = (
			);
			inputFileListPaths = (
				"$(SRCROOT)/iOS/CrashlyticsInputFiles.xcfilelist",
			);
			inputPaths = (
			);
			name = Crashlytics;
			outputFileListPaths = (
			);
			outputPaths = (
			);
			runOnlyForDeploymentPostprocessing = 0;
			shellPath = /bin/sh;
			shellScript = "${BUILD_DIR%Build/*}/SourcePackages/checkouts/firebase-ios-sdk/Crashlytics/run\n";
		};
		A59FBC4E26B5AF1800C4BD0C /* Lint */ = {
			isa = PBXShellScriptBuildPhase;
			alwaysOutOfDate = 1;
			buildActionMask = 2147483647;
			files = (
			);
			inputFileListPaths = (
			);
			inputPaths = (
			);
			name = Lint;
			outputFileListPaths = (
			);
			outputPaths = (
			);
			runOnlyForDeploymentPostprocessing = 0;
			shellPath = /bin/sh;
			shellScript = "cd ${SRCROOT}/..\nmake lint\n";
		};
		A59FBC4F26B5AF2500C4BD0C /* Generate License */ = {
			isa = PBXShellScriptBuildPhase;
			alwaysOutOfDate = 1;
			buildActionMask = 2147483647;
			files = (
			);
			inputFileListPaths = (
			);
			inputPaths = (
			);
			name = "Generate License";
			outputFileListPaths = (
			);
			outputPaths = (
			);
			runOnlyForDeploymentPostprocessing = 0;
			shellPath = /bin/sh;
			shellScript = "cd ${SRCROOT}/..\nmake generate_license\n";
		};
/* End PBXShellScriptBuildPhase section */

/* Begin PBXSourcesBuildPhase section */
		6A84D70E281C244700A0A651 /* Sources */ = {
			isa = PBXSourcesBuildPhase;
			buildActionMask = 2147483647;
			files = (
				A575E5172899967800D1AB65 /* main.swift in Sources */,
				6A84D71D281C252E00A0A651 /* env.swift in Sources */,
			);
			runOnlyForDeploymentPostprocessing = 0;
		};
		A5EB40222657DCCB00825B30 /* Sources */ = {
			isa = PBXSourcesBuildPhase;
			buildActionMask = 2147483647;
			files = (
				A575E5162899967800D1AB65 /* main.swift in Sources */,
				6A84D705281C1E9300A0A651 /* env.swift in Sources */,
			);
			runOnlyForDeploymentPostprocessing = 0;
		};
/* End PBXSourcesBuildPhase section */

/* Begin PBXTargetDependency section */
		6A84D709281C244700A0A651 /* PBXTargetDependency */ = {
			isa = PBXTargetDependency;
			target = A5D068272695773B00F7B052 /* Linter */;
			targetProxy = 6A84D70A281C244700A0A651 /* PBXContainerItemProxy */;
		};
		6A84D70B281C244700A0A651 /* PBXTargetDependency */ = {
			isa = PBXTargetDependency;
			target = A5D0682E2695881F00F7B052 /* Generator */;
			targetProxy = 6A84D70C281C244700A0A651 /* PBXContainerItemProxy */;
		};
		A5D0682D2695776700F7B052 /* PBXTargetDependency */ = {
			isa = PBXTargetDependency;
			target = A5D068272695773B00F7B052 /* Linter */;
			targetProxy = A5D0682C2695776700F7B052 /* PBXContainerItemProxy */;
		};
		A5D068342695886100F7B052 /* PBXTargetDependency */ = {
			isa = PBXTargetDependency;
			target = A5D0682E2695881F00F7B052 /* Generator */;
			targetProxy = A5D068332695886100F7B052 /* PBXContainerItemProxy */;
		};
/* End PBXTargetDependency section */

/* Begin XCBuildConfiguration section */
		6A84D719281C244700A0A651 /* Debug */ = {
			isa = XCBuildConfiguration;
			baseConfigurationReference = 6A84D6F3281C1E9300A0A651 /* App.stg.xcconfig */;
			buildSettings = {
			};
			name = Debug;
		};
		6A84D71A281C244700A0A651 /* Release */ = {
			isa = XCBuildConfiguration;
			baseConfigurationReference = 6A84D6F3281C1E9300A0A651 /* App.stg.xcconfig */;
			buildSettings = {
			};
			name = Release;
		};
		A5D068282695773B00F7B052 /* Debug */ = {
			isa = XCBuildConfiguration;
			buildSettings = {
				PRODUCT_NAME = "$(TARGET_NAME)";
			};
			name = Debug;
		};
		A5D068292695773B00F7B052 /* Release */ = {
			isa = XCBuildConfiguration;
			buildSettings = {
				PRODUCT_NAME = "$(TARGET_NAME)";
			};
			name = Release;
		};
		A5D068302695881F00F7B052 /* Debug */ = {
			isa = XCBuildConfiguration;
			buildSettings = {
				PRODUCT_NAME = "$(TARGET_NAME)";
			};
			name = Debug;
		};
		A5D068312695881F00F7B052 /* Release */ = {
			isa = XCBuildConfiguration;
			buildSettings = {
				PRODUCT_NAME = "$(TARGET_NAME)";
			};
			name = Release;
		};
		A5EB40332657DCCD00825B30 /* Debug */ = {
			isa = XCBuildConfiguration;
			baseConfigurationReference = A592C04826B401980019832F /* Project.debug.xcconfig */;
			buildSettings = {
			};
			name = Debug;
		};
		A5EB40342657DCCD00825B30 /* Release */ = {
			isa = XCBuildConfiguration;
			baseConfigurationReference = A592C04926B401A20019832F /* Project.release.xcconfig */;
			buildSettings = {
			};
			name = Release;
		};
		A5EB40362657DCCD00825B30 /* Debug */ = {
			isa = XCBuildConfiguration;
			baseConfigurationReference = 6A84D6F9281C1E9300A0A651 /* App.prod.xcconfig */;
			buildSettings = {
			};
			name = Debug;
		};
		A5EB40372657DCCD00825B30 /* Release */ = {
			isa = XCBuildConfiguration;
			baseConfigurationReference = 6A84D6F9281C1E9300A0A651 /* App.prod.xcconfig */;
			buildSettings = {
			};
			name = Release;
		};
/* End XCBuildConfiguration section */

/* Begin XCConfigurationList section */
		6A84D718281C244700A0A651 /* Build configuration list for PBXNativeTarget "ios-app-template.stg" */ = {
			isa = XCConfigurationList;
			buildConfigurations = (
				6A84D719281C244700A0A651 /* Debug */,
				6A84D71A281C244700A0A651 /* Release */,
			);
			defaultConfigurationIsVisible = 0;
			defaultConfigurationName = Release;
		};
		A5D0682A2695773B00F7B052 /* Build configuration list for PBXAggregateTarget "Linter" */ = {
			isa = XCConfigurationList;
			buildConfigurations = (
				A5D068282695773B00F7B052 /* Debug */,
				A5D068292695773B00F7B052 /* Release */,
			);
			defaultConfigurationIsVisible = 0;
			defaultConfigurationName = Release;
		};
		A5D0682F2695881F00F7B052 /* Build configuration list for PBXAggregateTarget "Generator" */ = {
			isa = XCConfigurationList;
			buildConfigurations = (
				A5D068302695881F00F7B052 /* Debug */,
				A5D068312695881F00F7B052 /* Release */,
			);
			defaultConfigurationIsVisible = 0;
			defaultConfigurationName = Release;
		};
		A5EB40212657DCCB00825B30 /* Build configuration list for PBXProject "ios-app-template" */ = {
			isa = XCConfigurationList;
			buildConfigurations = (
				A5EB40332657DCCD00825B30 /* Debug */,
				A5EB40342657DCCD00825B30 /* Release */,
			);
			defaultConfigurationIsVisible = 0;
			defaultConfigurationName = Release;
		};
		A5EB40352657DCCD00825B30 /* Build configuration list for PBXNativeTarget "ios-app-template" */ = {
			isa = XCConfigurationList;
			buildConfigurations = (
				A5EB40362657DCCD00825B30 /* Debug */,
				A5EB40372657DCCD00825B30 /* Release */,
			);
			defaultConfigurationIsVisible = 0;
			defaultConfigurationName = Release;
		};
/* End XCConfigurationList section */

/* Begin XCSwiftPackageProductDependency section */
		6A84D70D281C244700A0A651 /* AppFeature */ = {
			isa = XCSwiftPackageProductDependency;
			productName = AppFeature;
		};
		A52776B626583C29008B42E6 /* AppFeature */ = {
			isa = XCSwiftPackageProductDependency;
			productName = AppFeature;
		};
/* End XCSwiftPackageProductDependency section */
	};
	rootObject = A5EB401E2657DCCB00825B30 /* Project object */;
}
